Microsoft Visual Studio Solution File, Format Version 12.00
# Visual Studio Version 17
VisualStudioVersion = 17.5.2.0
MinimumVisualStudioVersion = 10.0.40219.1
Project("{FAE04EC0-301F-11D3-BF4B-00C04F79EFBC}") = "project_service", "project_service.csproj", "{6FCA389C-8704-8DB5-095C-A63990CABEEC}"
EndProject
Global
	GlobalSection(SolutionConfigurationPlatforms) = preSolution
		Debug|Any CPU = Debug|Any CPU
		Release|Any CPU = Release|Any CPU
	EndGlobalSection
	GlobalSection(ProjectConfigurationPlatforms) = postSolution
		{6FCA389C-8704-8DB5-095C-A63990CABEEC}.Debug|Any CPU.ActiveCfg = Debug|Any CPU
		{6FCA389C-8704-8DB5-095C-A63990CABEEC}.Debug|Any CPU.Build.0 = Debug|Any CPU
		{6FCA389C-8704-8DB5-095C-A63990CABEEC}.Release|Any CPU.ActiveCfg = Release|Any CPU
		{6FCA389C-8704-8DB5-095C-A63990CABEEC}.Release|Any CPU.Build.0 = Release|Any CPU
	EndGlobalSection
	GlobalSection(SolutionProperties) = preSolution
		HideSolutionNode = FALSE
	EndGlobalSection
	GlobalSection(ExtensibilityGlobals) = postSolution
		SolutionGuid = {208950F9-53A1-4C0E-AB45-294102E73615}
	EndGlobalSection
EndGlobal
